// !$*UTF8*$!
{
	archiveVersion = 1;
	classes = {
	};
	objectVersion = 46;
	objects = {

/* Begin PBXBuildFile section */
		1567E8BB1DD70690000E3304 /* main.m in Sources */ = {isa = PBXBuildFile; fileRef = 1567E8BA1DD70690000E3304 /* main.m */; };
		1567E8BE1DD70690000E3304 /* AppDelegate.m in Sources */ = {isa = PBXBuildFile; fileRef = 1567E8BD1DD70690000E3304 /* AppDelegate.m */; };
		1567E8C11DD70690000E3304 /* ViewController.m in Sources */ = {isa = PBXBuildFile; fileRef = 1567E8C01DD70690000E3304 /* ViewController.m */; };
		1567E8C41DD70690000E3304 /* Main.storyboard in Resources */ = {isa = PBXBuildFile; fileRef = 1567E8C21DD70690000E3304 /* Main.storyboard */; };
		1567E8C61DD70690000E3304 /* Assets.xcassets in Resources */ = {isa = PBXBuildFile; fileRef = 1567E8C51DD70690000E3304 /* Assets.xcassets */; };
		1567E8C91DD70690000E3304 /* LaunchScreen.storyboard in Resources */ = {isa = PBXBuildFile; fileRef = 1567E8C71DD70690000E3304 /* LaunchScreen.storyboard */; };
		1567E8D11DD70829000E3304 /* 朦胧背景图.jpg in Resources */ = {isa = PBXBuildFile; fileRef = 1567E8D01DD70829000E3304 /* 朦胧背景图.jpg */; };
		1567E8D31DD70988000E3304 /* JS调用OC代码.png in Resources */ = {isa = PBXBuildFile; fileRef = 1567E8D21DD70988000E3304 /* JS调用OC代码.png */; };
		1567E8D51DD70A47000E3304 /* OC调用JS函数.png in Resources */ = {isa = PBXBuildFile; fileRef = 1567E8D41DD70A47000E3304 /* OC调用JS函数.png */; };
		1567E8D81DD70B43000E3304 /* JavaScriptCallOCViewController.m in Sources */ = {isa = PBXBuildFile; fileRef = 1567E8D71DD70B43000E3304 /* JavaScriptCallOCViewController.m */; };
		1567E8DB1DD70B7F000E3304 /* OCCallJavaScriptViewController.m in Sources */ = {isa = PBXBuildFile; fileRef = 1567E8DA1DD70B7F000E3304 /* OCCallJavaScriptViewController.m */; };
		1567E8EB1DDA2587000E3304 /* .project in Resources */ = {isa = PBXBuildFile; fileRef = 1567E8E31DDA2587000E3304 /* .project */; };
		1567E8EC1DDA2587000E3304 /* favicon.ico in Resources */ = {isa = PBXBuildFile; fileRef = 1567E8E51DDA2587000E3304 /* favicon.ico */; };
		1567E8ED1DDA2587000E3304 /* 53ada3ab8c252.jpg in Resources */ = {isa = PBXBuildFile; fileRef = 1567E8E71DDA2587000E3304 /* 53ada3ab8c252.jpg */; };
		1567E8EE1DDA2587000E3304 /* index.html in Resources */ = {isa = PBXBuildFile; fileRef = 1567E8E81DDA2587000E3304 /* index.html */; };
		1567E8EF1DDA2587000E3304 /* ocCallJS.html in Resources */ = {isa = PBXBuildFile; fileRef = 1567E8EA1DDA2587000E3304 /* ocCallJS.html */; };
/* End PBXBuildFile section */

/* Begin PBXFileReference section */
		1567E8B61DD70690000E3304 /* OC与JS的交互Demo.app */ = {isa = PBXFileReference; explicitFileType = wrapper.application; includeInIndex = 0; path = "OC与JS的交互Demo.app"; sourceTree = BUILT_PRODUCTS_DIR; };
		1567E8BA1DD70690000E3304 /* main.m */ = {isa = PBXFileReference; lastKnownFileType = sourcecode.c.objc; path = main.m; sourceTree = "<group>"; };
		1567E8BC1DD70690000E3304 /* AppDelegate.h */ = {isa = PBXFileReference; lastKnownFileType = sourcecode.c.h; path = AppDelegate.h; sourceTree = "<group>"; };
		1567E8BD1DD70690000E3304 /* AppDelegate.m */ = {isa = PBXFileReference; lastKnownFileType = sourcecode.c.objc; path = AppDelegate.m; sourceTree = "<group>"; };
		1567E8BF1DD70690000E3304 /* ViewController.h */ = {isa = PBXFileReference; lastKnownFileType = sourcecode.c.h; path = ViewController.h; sourceTree = "<group>"; };
		1567E8C01DD70690000E3304 /* ViewController.m */ = {isa = PBXFileReference; lastKnownFileType = sourcecode.c.objc; path = ViewController.m; sourceTree = "<group>"; };
		1567E8C31DD70690000E3304 /* Base */ = {isa = PBXFileReference; lastKnownFileType = file.storyboard; name = Base; path = Base.lproj/Main.storyboard; sourceTree = "<group>"; };
		1567E8C51DD70690000E3304 /* Assets.xcassets */ = {isa = PBXFileReference; lastKnownFileType = folder.assetcatalog; path = Assets.xcassets; sourceTree = "<group>"; };
		1567E8C81DD70690000E3304 /* Base */ = {isa = PBXFileReference; lastKnownFileType = file.storyboard; name = Base; path = Base.lproj/LaunchScreen.storyboard; sourceTree = "<group>"; };
		1567E8CA1DD70690000E3304 /* Info.plist */ = {isa = PBXFileReference; lastKnownFileType = text.plist.xml; path = Info.plist; sourceTree = "<group>"; };
		1567E8D01DD70829000E3304 /* 朦胧背景图.jpg */ = {isa = PBXFileReference; lastKnownFileType = image.jpeg; path = "朦胧背景图.jpg"; sourceTree = "<group>"; };
		1567E8D21DD70988000E3304 /* JS调用OC代码.png */ = {isa = PBXFileReference; lastKnownFileType = image.png; path = "JS调用OC代码.png"; sourceTree = "<group>"; };
		1567E8D41DD70A47000E3304 /* OC调用JS函数.png */ = {isa = PBXFileReference; lastKnownFileType = image.png; path = "OC调用JS函数.png"; sourceTree = "<group>"; };
		1567E8D61DD70B43000E3304 /* JavaScriptCallOCViewController.h */ = {isa = PBXFileReference; fileEncoding = 4; lastKnownFileType = sourcecode.c.h; path = JavaScriptCallOCViewController.h; sourceTree = "<group>"; };
		1567E8D71DD70B43000E3304 /* JavaScriptCallOCViewController.m */ = {isa = PBXFileReference; fileEncoding = 4; lastKnownFileType = sourcecode.c.objc; path = JavaScriptCallOCViewController.m; sourceTree = "<group>"; };
		1567E8D91DD70B7F000E3304 /* OCCallJavaScriptViewController.h */ = {isa = PBXFileReference; fileEncoding = 4; lastKnownFileType = sourcecode.c.h; path = OCCallJavaScriptViewController.h; sourceTree = "<group>"; };
		1567E8DA1DD70B7F000E3304 /* OCCallJavaScriptViewController.m */ = {isa = PBXFileReference; fileEncoding = 4; lastKnownFileType = sourcecode.c.objc; path = OCCallJavaScriptViewController.m; sourceTree = "<group>"; };
		1567E8E31DDA2587000E3304 /* .project */ = {isa = PBXFileReference; fileEncoding = 4; lastKnownFileType = text.xml; path = .project; sourceTree = "<group>"; };
		1567E8E51DDA2587000E3304 /* favicon.ico */ = {isa = PBXFileReference; lastKnownFileType = image.ico; path = favicon.ico; sourceTree = "<group>"; };
		1567E8E71DDA2587000E3304 /* 53ada3ab8c252.jpg */ = {isa = PBXFileReference; lastKnownFileType = image.jpeg; path = 53ada3ab8c252.jpg; sourceTree = "<group>"; };
		1567E8E81DDA2587000E3304 /* index.html */ = {isa = PBXFileReference; fileEncoding = 4; lastKnownFileType = text.html; path = index.html; sourceTree = "<group>"; };
		1567E8EA1DDA2587000E3304 /* ocCallJS.html */ = {isa = PBXFileReference; fileEncoding = 4; lastKnownFileType = text.html; path = ocCallJS.html; sourceTree = "<group>"; };
/* End PBXFileReference section */

/* Begin PBXFrameworksBuildPhase section */
		1567E8B31DD70690000E3304 /* Frameworks */ = {
			isa = PBXFrameworksBuildPhase;
			buildActionMask = 2147483647;
			files = (
			);
			runOnlyForDeploymentPostprocessing = 0;
		};
/* End PBXFrameworksBuildPhase section */

/* Begin PBXGroup section */
		1567E8AD1DD70690000E3304 = {
			isa = PBXGroup;
			children = (
				1567E8E21DDA2587000E3304 /* HelloWorld */,
				1567E8B81DD70690000E3304 /* OC与JS的交互Demo */,
				1567E8B71DD70690000E3304 /* Products */,
			);
			sourceTree = "<group>";
		};
		1567E8B71DD70690000E3304 /* Products */ = {
			isa = PBXGroup;
			children = (
				1567E8B61DD70690000E3304 /* OC与JS的交互Demo.app */,
			);
			name = Products;
			sourceTree = "<group>";
		};
		1567E8B81DD70690000E3304 /* OC与JS的交互Demo */ = {
			isa = PBXGroup;
			children = (
				1567E8BC1DD70690000E3304 /* AppDelegate.h */,
				1567E8BD1DD70690000E3304 /* AppDelegate.m */,
				1567E8BF1DD70690000E3304 /* ViewController.h */,
				1567E8C01DD70690000E3304 /* ViewController.m */,
				1567E8D61DD70B43000E3304 /* JavaScriptCallOCViewController.h */,
				1567E8D71DD70B43000E3304 /* JavaScriptCallOCViewController.m */,
				1567E8D91DD70B7F000E3304 /* OCCallJavaScriptViewController.h */,
				1567E8DA1DD70B7F000E3304 /* OCCallJavaScriptViewController.m */,
				1567E8D01DD70829000E3304 /* 朦胧背景图.jpg */,
				1567E8D21DD70988000E3304 /* JS调用OC代码.png */,
				1567E8D41DD70A47000E3304 /* OC调用JS函数.png */,
				1567E8C21DD70690000E3304 /* Main.storyboard */,
				1567E8C51DD70690000E3304 /* Assets.xcassets */,
				1567E8C71DD70690000E3304 /* LaunchScreen.storyboard */,
				1567E8CA1DD70690000E3304 /* Info.plist */,
				1567E8B91DD70690000E3304 /* Supporting Files */,
			);
			path = "OC与JS的交互Demo";
			sourceTree = "<group>";
		};
		1567E8B91DD70690000E3304 /* Supporting Files */ = {
			isa = PBXGroup;
			children = (
				1567E8BA1DD70690000E3304 /* main.m */,
			);
			name = "Supporting Files";
			sourceTree = "<group>";
		};
		1567E8E21DDA2587000E3304 /* HelloWorld */ = {
			isa = PBXGroup;
			children = (
				1567E8E31DDA2587000E3304 /* .project */,
				1567E8E41DDA2587000E3304 /* css */,
				1567E8E51DDA2587000E3304 /* favicon.ico */,
				1567E8E61DDA2587000E3304 /* img */,
				1567E8E81DDA2587000E3304 /* index.html */,
				1567E8E91DDA2587000E3304 /* js */,
				1567E8EA1DDA2587000E3304 /* ocCallJS.html */,
			);
			name = HelloWorld;
			path = "OC与JS的交互Demo/HelloWorld";
			sourceTree = "<group>";
		};
		1567E8E41DDA2587000E3304 /* css */ = {
			isa = PBXGroup;
			children = (
			);
			path = css;
			sourceTree = "<group>";
		};
		1567E8E61DDA2587000E3304 /* img */ = {
			isa = PBXGroup;
			children = (
				1567E8E71DDA2587000E3304 /* 53ada3ab8c252.jpg */,
			);
			path = img;
			sourceTree = "<group>";
		};
		1567E8E91DDA2587000E3304 /* js */ = {
			isa = PBXGroup;
			children = (
			);
			path = js;
			sourceTree = "<group>";
		};
/* End PBXGroup section */

/* Begin PBXNativeTarget section */
		1567E8B51DD70690000E3304 /* OC与JS的交互Demo */ = {
			isa = PBXNativeTarget;
			buildConfigurationList = 1567E8CD1DD70690000E3304 /* Build configuration list for PBXNativeTarget "OC与JS的交互Demo" */;
			buildPhases = (
				1567E8B21DD70690000E3304 /* Sources */,
				1567E8B31DD70690000E3304 /* Frameworks */,
				1567E8B41DD70690000E3304 /* Resources */,
			);
			buildRules = (
			);
			dependencies = (
			);
			name = "OC与JS的交互Demo";
			productName = "OC与JS的交互Demo";
			productReference = 1567E8B61DD70690000E3304 /* OC与JS的交互Demo.app */;
			productType = "com.apple.product-type.application";
		};
/* End PBXNativeTarget section */

/* Begin PBXProject section */
		1567E8AE1DD70690000E3304 /* Project object */ = {
			isa = PBXProject;
			attributes = {
				LastUpgradeCheck = 0730;
				ORGANIZATIONNAME = Don9;
				TargetAttributes = {
					1567E8B51DD70690000E3304 = {
						CreatedOnToolsVersion = 7.3;
					};
				};
			};
			buildConfigurationList = 1567E8B11DD70690000E3304 /* Build configuration list for PBXProject "OC与JS的交互Demo" */;
			compatibilityVersion = "Xcode 3.2";
			developmentRegion = English;
			hasScannedForEncodings = 0;
			knownRegions = (
				en,
				Base,
			);
			mainGroup = 1567E8AD1DD70690000E3304;
			productRefGroup = 1567E8B71DD70690000E3304 /* Products */;
			projectDirPath = "";
			projectRoot = "";
			targets = (
				1567E8B51DD70690000E3304 /* OC与JS的交互Demo */,
			);
		};
/* End PBXProject section */

/* Begin PBXResourcesBuildPhase section */
		1567E8B41DD70690000E3304 /* Resources */ = {
			isa = PBXResourcesBuildPhase;
			buildActionMask = 2147483647;
			files = (
				1567E8D51DD70A47000E3304 /* OC调用JS函数.png in Resources */,
				1567E8D31DD70988000E3304 /* JS调用OC代码.png in Resources */,
				1567E8EC1DDA2587000E3304 /* favicon.ico in Resources */,
				1567E8EF1DDA2587000E3304 /* ocCallJS.html in Resources */,
				1567E8C91DD70690000E3304 /* LaunchScreen.storyboard in Resources */,
				1567E8C61DD70690000E3304 /* Assets.xcassets in Resources */,
				1567E8EE1DDA2587000E3304 /* index.html in Resources */,
				1567E8D11DD70829000E3304 /* 朦胧背景图.jpg in Resources */,
				1567E8EB1DDA2587000E3304 /* .project in Resources */,
				1567E8ED1DDA2587000E3304 /* 53ada3ab8c252.jpg in Resources */,
				1567E8C41DD70690000E3304 /* Main.storyboard in Resources */,
			);
			runOnlyForDeploymentPostprocessing = 0;
		};
/* End PBXResourcesBuildPhase section */

/* Begin PBXSourcesBuildPhase section */
		1567E8B21DD70690000E3304 /* Sources */ = {
			isa = PBXSourcesBuildPhase;
			buildActionMask = 2147483647;
			files = (
				1567E8C11DD70690000E3304 /* ViewController.m in Sources */,
				1567E8BE1DD70690000E3304 /* AppDelegate.m in Sources */,
				1567E8DB1DD70B7F000E3304 /* OCCallJavaScriptViewController.m in Sources */,
				1567E8D81DD70B43000E3304 /* JavaScriptCallOCViewController.m in Sources */,
				1567E8BB1DD70690000E3304 /* main.m in Sources */,
			);
			runOnlyForDeploymentPostprocessing = 0;
		};
/* End PBXSourcesBuildPhase section */

/* Begin PBXVariantGroup section */
		1567E8C21DD70690000E3304 /* Main.storyboard */ = {
			isa = PBXVariantGroup;
			children = (
				1567E8C31DD70690000E3304 /* Base */,
			);
			name = Main.storyboard;
			sourceTree = "<group>";
		};
		1567E8C71DD70690000E3304 /* LaunchScreen.storyboard */ = {
			isa = PBXVariantGroup;
			children = (
				1567E8C81DD70690000E3304 /* Base */,
			);
			name = LaunchScreen.storyboard;
			sourceTree = "<group>";
		};
/* End PBXVariantGroup section */

/* Begin XCBuildConfiguration section */
		1567E8CB1DD70690000E3304 /* Debug */ = {
			isa = XCBuildConfiguration;
			buildSettings = {
				ALWAYS_SEARCH_USER_PATHS = NO;
				CLANG_ANALYZER_NONNULL = YES;
				CLANG_CXX_LANGUAGE_STANDARD = "gnu++0x";
				CLANG_CXX_LIBRARY = "libc++";
				CLANG_ENABLE_MODULES = YES;
				CLANG_ENABLE_OBJC_ARC = YES;
				CLANG_WARN_BOOL_CONVERSION = YES;
				CLANG_WARN_CONSTANT_CONVERSION = YES;
				CLANG_WARN_DIRECT_OBJC_ISA_USAGE = YES_ERROR;
				CLANG_WARN_EMPTY_BODY = YES;
				CLANG_WARN_ENUM_CONVERSION = YES;
				CLANG_WARN_INT_CONVERSION = YES;
				CLANG_WARN_OBJC_ROOT_CLASS = YES_ERROR;
				CLANG_WARN_UNREACHABLE_CODE = YES;
				CLANG_WARN__DUPLICATE_METHOD_MATCH = YES;
				"CODE_SIGN_IDENTITY[sdk=iphoneos*]" = "iPhone Developer";
				COPY_PHASE_STRIP = NO;
				DEBUG_INFORMATION_FORMAT = dwarf;
				ENABLE_STRICT_OBJC_MSGSEND = YES;
				ENABLE_TESTABILITY = YES;
				GCC_C_LANGUAGE_STANDARD = gnu99;
				GCC_DYNAMIC_NO_PIC = NO;
				GCC_NO_COMMON_BLOCKS = YES;
				GCC_OPTIMIZATION_LEVEL = 0;
				GCC_PREPROCESSOR_DEFINITIONS = (
					"DEBUG=1",
					"$(inherited)",
				);
				GCC_WARN_64_TO_32_BIT_CONVERSION = YES;
				GCC_WARN_ABOUT_RETURN_TYPE = YES_ERROR;
				GCC_WARN_UNDECLARED_SELECTOR = YES;
				GCC_WARN_UNINITIALIZED_AUTOS = YES_AGGRESSIVE;
				GCC_WARN_UNUSED_FUNCTION = YES;
				GCC_WARN_UNUSED_VARIABLE = YES;
				IPHONEOS_DEPLOYMENT_TARGET = 9.3;
				MTL_ENABLE_DEBUG_INFO = YES;
				ONLY_ACTIVE_ARCH = YES;
				SDKROOT = iphoneos;
			};
			name = Debug;
		};
		1567E8CC1DD70690000E3304 /* Release */ = {
			isa = XCBuildConfiguration;
			buildSettings = {
				ALWAYS_SEARCH_USER_PATHS = NO;
				CLANG_ANALYZER_NONNULL = YES;
				CLANG_CXX_LANGUAGE_STANDARD = "gnu++0x";
				CLANG_CXX_LIBRARY = "libc++";
				CLANG_ENABLE_MODULES = YES;
				CLANG_ENABLE_OBJC_ARC = YES;
				CLANG_WARN_BOOL_CONVERSION = YES;
				CLANG_WARN_CONSTANT_CONVERSION = YES;
				CLANG_WARN_DIRECT_OBJC_ISA_USAGE = YES_ERROR;
				CLANG_WARN_EMPTY_BODY = YES;
				CLANG_WARN_ENUM_CONVERSION = YES;
				CLANG_WARN_INT_CONVERSION = YES;
				CLANG_WARN_OBJC_ROOT_CLASS = YES_ERROR;
				CLANG_WARN_UNREACHABLE_CODE = YES;
				CLANG_WARN__DUPLICATE_METHOD_MATCH = YES;
				"CODE_SIGN_IDENTITY[sdk=iphoneos*]" = "iPhone Developer";
				COPY_PHASE_STRIP = NO;
				DEBUG_INFORMATION_FORMAT = "dwarf-with-dsym";
				ENABLE_NS_ASSERTIONS = NO;
				ENABLE_STRICT_OBJC_MSGSEND = YES;
				GCC_C_LANGUAGE_STANDARD = gnu99;
				GCC_NO_COMMON_BLOCKS = YES;
				GCC_WARN_64_TO_32_BIT_CONVERSION = YES;
				GCC_WARN_ABOUT_RETURN_TYPE = YES_ERROR;
				GCC_WARN_UNDECLARED_SELECTOR = YES;
				GCC_WARN_UNINITIALIZED_AUTOS = YES_AGGRESSIVE;
				GCC_WARN_UNUSED_FUNCTION = YES;
				GCC_WARN_UNUSED_VARIABLE = YES;
				IPHONEOS_DEPLOYMENT_TARGET = 9.3;
				MTL_ENABLE_DEBUG_INFO = NO;
				SDKROOT = iphoneos;
				VALIDATE_PRODUCT = YES;
			};
			name = Release;
		};
		1567E8CE1DD70690000E3304 /* Debug */ = {
			isa = XCBuildConfiguration;
			buildSettings = {
				ASSETCATALOG_COMPILER_APPICON_NAME = AppIcon;
				CODE_SIGN_IDENTITY = "iPhone Developer";
				INFOPLIST_FILE = "OC与JS的交互Demo/Info.plist";
				LD_RUNPATH_SEARCH_PATHS = "$(inherited) @executable_path/Frameworks";
				PRODUCT_BUNDLE_IDENTIFIER = "com.spicespirit.OC-JS---Demo";
				PRODUCT_NAME = "$(TARGET_NAME)";
			};
			name = Debug;
		};
		1567E8CF1DD70690000E3304 /* Release */ = {
			isa = XCBuildConfiguration;
			buildSettings = {
				ASSETCATALOG_COMPILER_APPICON_NAME = AppIcon;
				CODE_SIGN_IDENTITY = "iPhone Developer";
				INFOPLIST_FILE = "OC与JS的交互Demo/Info.plist";
				LD_RUNPATH_SEARCH_PATHS = "$(inherited) @executable_path/Frameworks";
				PRODUCT_BUNDLE_IDENTIFIER = "com.spicespirit.OC-JS---Demo";
				PRODUCT_NAME = "$(TARGET_NAME)";
			};
			name = Release;
		};
/* End XCBuildConfiguration section */

/* Begin XCConfigurationList section */
		1567E8B11DD70690000E3304 /* Build configuration list for PBXProject "OC与JS的交互Demo" */ = {
			isa = XCConfigurationList;
			buildConfigurations = (
				1567E8CB1DD70690000E3304 /* Debug */,
				1567E8CC1DD70690000E3304 /* Release */,
			);
			defaultConfigurationIsVisible = 0;
			defaultConfigurationName = Release;
		};
		1567E8CD1DD70690000E3304 /* Build configuration list for PBXNativeTarget "OC与JS的交互Demo" */ = {
			isa = XCConfigurationList;
			buildConfigurations = (
				1567E8CE1DD70690000E3304 /* Debug */,
				1567E8CF1DD70690000E3304 /* Release */,
			);
			defaultConfigurationIsVisible = 0;
		};
/* End XCConfigurationList section */
	};
	rootObject = 1567E8AE1DD70690000E3304 /* Project object */;
}
